
Microsoft Visual Studio Solution File, Format Version 12.00
# Visual Studio 15
VisualStudioVersion = 15.0.28307.489
MinimumVisualStudioVersion = 10.0.40219.1
Project("{FAE04EC0-301F-11D3-BF4B-00C04F79EFBC}") = "FineUI.Examples", "FineUI.Examples\FineUI.Examples.csproj", "{CF702D32-2B3C-4FE7-8916-4C09DBF30289}"
EndProject
Global
	GlobalSection(SolutionConfigurationPlatforms) = preSolution
		Debug|Any CPU = Debug|Any CPU
		Release|Any CPU = Release|Any CPU
	EndGlobalSection
	GlobalSection(ProjectConfigurationPlatforms) = postSolution
		{CF702D32-2B3C-4FE7-8916-4C09DBF30289}.Debug|Any CPU.ActiveCfg = Debug|Any CPU
		{CF702D32-2B3C-4FE7-8916-4C09DBF30289}.Debug|Any CPU.Build.0 = Debug|Any CPU
		{CF702D32-2B3C-4FE7-8916-4C09DBF30289}.Release|Any CPU.ActiveCfg = Release|Any CPU
		{CF702D32-2B3C-4FE7-8916-4C09DBF30289}.Release|Any CPU.Build.0 = Release|Any CPU
	EndGlobalSection
	GlobalSection(SolutionProperties) = preSolution
		HideSolutionNode = FALSE
	EndGlobalSection
	GlobalSection(ExtensibilityGlobals) = postSolution
		SolutionGuid = {F6A451FA-7E91-4B01-B5DA-D32E24E4A604}
	EndGlobalSection
EndGlobal
